
Microsoft Visual Studio Solution File, Format Version 12.00
# Visual Studio Version 17
VisualStudioVersion = 17.7.34024.191
MinimumVisualStudioVersion = 10.0.40219.1
Project("{9A19103F-16F7-4668-BE54-9A1E7A4F7556}") = "API", "API\API.csproj", "{EFAB544A-C2D8-467F-AFDE-8B0394C64C2B}"
	ProjectSection(ProjectDependencies) = postProject
		{0512DEF0-11DE-447A-A4D8-DCFA0FF3750C} = {0512DEF0-11DE-447A-A4D8-DCFA0FF3750C}
	EndProjectSection
EndProject
Project("{9A19103F-16F7-4668-BE54-9A1E7A4F7556}") = "BlogApp.DLL", "BlogAppDLL\BlogApp.DLL.csproj", "{0512DEF0-11DE-447A-A4D8-DCFA0FF3750C}"
EndProject
Project("{FAE04EC0-301F-11D3-BF4B-00C04F79EFBC}") = "BlogApp.BLL", "BlogApp.BLL\BlogApp.BLL.csproj", "{342EA12E-8F9C-47F1-870E-A6C6DF77A19E}"
EndProject
Global
	GlobalSection(SolutionConfigurationPlatforms) = preSolution
		Debug|Any CPU = Debug|Any CPU
		Release|Any CPU = Release|Any CPU
	EndGlobalSection
	GlobalSection(ProjectConfigurationPlatforms) = postSolution
		{EFAB544A-C2D8-467F-AFDE-8B0394C64C2B}.Debug|Any CPU.ActiveCfg = Debug|Any CPU
		{EFAB544A-C2D8-467F-AFDE-8B0394C64C2B}.Debug|Any CPU.Build.0 = Debug|Any CPU
		{EFAB544A-C2D8-467F-AFDE-8B0394C64C2B}.Release|Any CPU.ActiveCfg = Release|Any CPU
		{EFAB544A-C2D8-467F-AFDE-8B0394C64C2B}.Release|Any CPU.Build.0 = Release|Any CPU
		{0512DEF0-11DE-447A-A4D8-DCFA0FF3750C}.Debug|Any CPU.ActiveCfg = Debug|Any CPU
		{0512DEF0-11DE-447A-A4D8-DCFA0FF3750C}.Debug|Any CPU.Build.0 = Debug|Any CPU
		{0512DEF0-11DE-447A-A4D8-DCFA0FF3750C}.Release|Any CPU.ActiveCfg = Release|Any CPU
		{0512DEF0-11DE-447A-A4D8-DCFA0FF3750C}.Release|Any CPU.Build.0 = Release|Any CPU
		{342EA12E-8F9C-47F1-870E-A6C6DF77A19E}.Debug|Any CPU.ActiveCfg = Debug|Any CPU
		{342EA12E-8F9C-47F1-870E-A6C6DF77A19E}.Debug|Any CPU.Build.0 = Debug|Any CPU
		{342EA12E-8F9C-47F1-870E-A6C6DF77A19E}.Release|Any CPU.ActiveCfg = Release|Any CPU
		{342EA12E-8F9C-47F1-870E-A6C6DF77A19E}.Release|Any CPU.Build.0 = Release|Any CPU
	EndGlobalSection
	GlobalSection(SolutionProperties) = preSolution
		HideSolutionNode = FALSE
	EndGlobalSection
	GlobalSection(ExtensibilityGlobals) = postSolution
		SolutionGuid = {031808A7-B330-4D97-A127-B86319C8EB51}
	EndGlobalSection
EndGlobal
